// !$*UTF8*$!
{
	archiveVersion = 1;
	classes = {
	};
	objectVersion = 50;
	objects = {

/* Begin PBXBuildFile section */
		04272C1F20D0E8F700F78574 /* Realm.framework in Embed Frameworks */ = {isa = PBXBuildFile; fileRef = 04272C1C20D0E8F600F78574 /* Realm.framework */; settings = {ATTRIBUTES = (CodeSignOnCopy, RemoveHeadersOnCopy, ); }; };
		04272C2120D0E8F700F78574 /* RealmSwift.framework in Embed Frameworks */ = {isa = PBXBuildFile; fileRef = 04272C1D20D0E8F700F78574 /* RealmSwift.framework */; settings = {ATTRIBUTES = (CodeSignOnCopy, RemoveHeadersOnCopy, ); }; };
		0484B3F020C4EED100D2989B /* AppDelegate.swift in Sources */ = {isa = PBXBuildFile; fileRef = 0484B3EF20C4EED100D2989B /* AppDelegate.swift */; };
		0484B3F720C4EED300D2989B /* Assets.xcassets in Resources */ = {isa = PBXBuildFile; fileRef = 0484B3F620C4EED300D2989B /* Assets.xcassets */; };
		0484B40520C4EED300D2989B /* Grade_HawkTests.swift in Sources */ = {isa = PBXBuildFile; fileRef = 0484B40420C4EED300D2989B /* Grade_HawkTests.swift */; };
		0488775B20D22C4400815442 /* Constants.swift in Sources */ = {isa = PBXBuildFile; fileRef = 0488775A20D22C4400815442 /* Constants.swift */; };
		04D7509520E01D1E00358FE1 /* ClassDetail.storyboard in Resources */ = {isa = PBXBuildFile; fileRef = 04D7508F20E01D1D00358FE1 /* ClassDetail.storyboard */; };
		04D7509620E01D1E00358FE1 /* LaunchScreen.storyboard in Resources */ = {isa = PBXBuildFile; fileRef = 04D7509020E01D1E00358FE1 /* LaunchScreen.storyboard */; };
		04D7509720E01D1E00358FE1 /* Onboarding.storyboard in Resources */ = {isa = PBXBuildFile; fileRef = 04D7509120E01D1E00358FE1 /* Onboarding.storyboard */; };
		04D7509820E01D1E00358FE1 /* Calculators.storyboard in Resources */ = {isa = PBXBuildFile; fileRef = 04D7509220E01D1E00358FE1 /* Calculators.storyboard */; };
		04D7509920E01D1E00358FE1 /* Settings.storyboard in Resources */ = {isa = PBXBuildFile; fileRef = 04D7509320E01D1E00358FE1 /* Settings.storyboard */; };
		04D7509A20E01D1E00358FE1 /* Main.storyboard in Resources */ = {isa = PBXBuildFile; fileRef = 04D7509420E01D1E00358FE1 /* Main.storyboard */; };
		04D750A120E01F7100358FE1 /* ClassesTableViewController.swift in Sources */ = {isa = PBXBuildFile; fileRef = 04D750A020E01F7100358FE1 /* ClassesTableViewController.swift */; };
		04D750A320E0201D00358FE1 /* ApplicationTheme.swift in Sources */ = {isa = PBXBuildFile; fileRef = 04D750A220E0201D00358FE1 /* ApplicationTheme.swift */; };
		04D750A520E020AE00358FE1 /* RealmTableView.swift in Sources */ = {isa = PBXBuildFile; fileRef = 04D750A420E020AE00358FE1 /* RealmTableView.swift */; };
		04D750A920E0216A00358FE1 /* GradePercentage.swift in Sources */ = {isa = PBXBuildFile; fileRef = 04D750A820E0216A00358FE1 /* GradePercentage.swift */; };
		04D750AB20E0219600358FE1 /* GradeRubric.swift in Sources */ = {isa = PBXBuildFile; fileRef = 04D750AA20E0219600358FE1 /* GradeRubric.swift */; };
		04D750AD20E021A900358FE1 /* Semester.swift in Sources */ = {isa = PBXBuildFile; fileRef = 04D750AC20E021A900358FE1 /* Semester.swift */; };
		04D750AF20E021B400358FE1 /* Rubric.swift in Sources */ = {isa = PBXBuildFile; fileRef = 04D750AE20E021B400358FE1 /* Rubric.swift */; };
		04D750B120E021C200358FE1 /* Assignment.swift in Sources */ = {isa = PBXBuildFile; fileRef = 04D750B020E021C200358FE1 /* Assignment.swift */; };
		04D750B320E021CB00358FE1 /* Grade.swift in Sources */ = {isa = PBXBuildFile; fileRef = 04D750B220E021CB00358FE1 /* Grade.swift */; };
		04D750B520E021DB00358FE1 /* ClassType.swift in Sources */ = {isa = PBXBuildFile; fileRef = 04D750B420E021DB00358FE1 /* ClassType.swift */; };
		04D750B720E021ED00358FE1 /* ClassGradeType.swift in Sources */ = {isa = PBXBuildFile; fileRef = 04D750B620E021ED00358FE1 /* ClassGradeType.swift */; };
		04D750B920E021F700358FE1 /* Class.swift in Sources */ = {isa = PBXBuildFile; fileRef = 04D750B820E021F700358FE1 /* Class.swift */; };
		04D750BB20E0220600358FE1 /* AppInfo.swift in Sources */ = {isa = PBXBuildFile; fileRef = 04D750BA20E0220600358FE1 /* AppInfo.swift */; };
		04D750BD20E0239400358FE1 /* RatingManager.swift in Sources */ = {isa = PBXBuildFile; fileRef = 04D750BC20E0239400358FE1 /* RatingManager.swift */; };
		04D750BF20E023A300358FE1 /* DatabaseManager.swift in Sources */ = {isa = PBXBuildFile; fileRef = 04D750BE20E023A300358FE1 /* DatabaseManager.swift */; };
		04D750C120E023EE00358FE1 /* GPAScale.swift in Sources */ = {isa = PBXBuildFile; fileRef = 04D750C020E023EE00358FE1 /* GPAScale.swift */; };
		04D750C320E023F900358FE1 /* GPARubric.swift in Sources */ = {isa = PBXBuildFile; fileRef = 04D750C220E023F900358FE1 /* GPARubric.swift */; };
		04D750C520E0240800358FE1 /* GPACalculation.swift in Sources */ = {isa = PBXBuildFile; fileRef = 04D750C420E0240800358FE1 /* GPACalculation.swift */; };
		04D750C720E0261900358FE1 /* UIColor+Extension.swift in Sources */ = {isa = PBXBuildFile; fileRef = 04D750C620E0261900358FE1 /* UIColor+Extension.swift */; };
		04D750C920E026B500358FE1 /* Int+Random.swift in Sources */ = {isa = PBXBuildFile; fileRef = 04D750C820E026B500358FE1 /* Int+Random.swift */; };
		04D750CB20E026CA00358FE1 /* UILabel+Resize.swift in Sources */ = {isa = PBXBuildFile; fileRef = 04D750CA20E026CA00358FE1 /* UILabel+Resize.swift */; };
		04D750CD20E026DC00358FE1 /* String+Extension.swift in Sources */ = {isa = PBXBuildFile; fileRef = 04D750CC20E026DC00358FE1 /* String+Extension.swift */; };
		04D750CF20E026F300358FE1 /* UIViewController+Alert.swift in Sources */ = {isa = PBXBuildFile; fileRef = 04D750CE20E026F300358FE1 /* UIViewController+Alert.swift */; };
		04D750D120E0271800358FE1 /* UIButton+Handler.swift in Sources */ = {isa = PBXBuildFile; fileRef = 04D750D020E0271800358FE1 /* UIButton+Handler.swift */; };
		04D750D320E0272C00358FE1 /* UIButton+PulseAnimation.swift in Sources */ = {isa = PBXBuildFile; fileRef = 04D750D220E0272C00358FE1 /* UIButton+PulseAnimation.swift */; };
		04D750D520E0273E00358FE1 /* Double+Round.swift in Sources */ = {isa = PBXBuildFile; fileRef = 04D750D420E0273E00358FE1 /* Double+Round.swift */; };
		04D750D720E0275A00358FE1 /* CGFloat+ToRads.swift in Sources */ = {isa = PBXBuildFile; fileRef = 04D750D620E0275A00358FE1 /* CGFloat+ToRads.swift */; };
		04D750D920E0278500358FE1 /* UIApplicationShortcutItem+QuickActionID.swift in Sources */ = {isa = PBXBuildFile; fileRef = 04D750D820E0278500358FE1 /* UIApplicationShortcutItem+QuickActionID.swift */; };
		04D750DB20E0279B00358FE1 /* Array+Extensions.swift in Sources */ = {isa = PBXBuildFile; fileRef = 04D750DA20E0279B00358FE1 /* Array+Extensions.swift */; };
		04D750DD20E027B200358FE1 /* UIViewController+StatusBarFix.swift in Sources */ = {isa = PBXBuildFile; fileRef = 04D750DC20E027B200358FE1 /* UIViewController+StatusBarFix.swift */; };
		04D750E220E028AF00358FE1 /* QuickActionId.swift in Sources */ = {isa = PBXBuildFile; fileRef = 04D750DE20E028AE00358FE1 /* QuickActionId.swift */; };
		04D750E320E028AF00358FE1 /* StudentType.swift in Sources */ = {isa = PBXBuildFile; fileRef = 04D750DF20E028AE00358FE1 /* StudentType.swift */; };
		04D750E420E028AF00358FE1 /* AlertType.swift in Sources */ = {isa = PBXBuildFile; fileRef = 04D750E020E028AE00358FE1 /* AlertType.swift */; };
		04D750E520E028AF00358FE1 /* UIRubricViewState.swift in Sources */ = {isa = PBXBuildFile; fileRef = 04D750E120E028AF00358FE1 /* UIRubricViewState.swift */; };
		04D750EC20E0293D00358FE1 /* AssignmentChangesListener.swift in Sources */ = {isa = PBXBuildFile; fileRef = 04D750E620E0293C00358FE1 /* AssignmentChangesListener.swift */; };
		04D750ED20E0293D00358FE1 /* UIPickerFieldDataSource.swift in Sources */ = {isa = PBXBuildFile; fileRef = 04D750E720E0293C00358FE1 /* UIPickerFieldDataSource.swift */; };
		04D750EE20E0293D00358FE1 /* UIRubricViewDelegate.swift in Sources */ = {isa = PBXBuildFile; fileRef = 04D750E820E0293C00358FE1 /* UIRubricViewDelegate.swift */; };
		04D750EF20E0293D00358FE1 /* UIPickerFieldDelegate.swift in Sources */ = {isa = PBXBuildFile; fileRef = 04D750E920E0293D00358FE1 /* UIPickerFieldDelegate.swift */; };
		04D750F020E0293D00358FE1 /* Segueable.swift in Sources */ = {isa = PBXBuildFile; fileRef = 04D750EA20E0293D00358FE1 /* Segueable.swift */; };
		04D750F120E0293D00358FE1 /* ClassChangesListener.swift in Sources */ = {isa = PBXBuildFile; fileRef = 04D750EB20E0293D00358FE1 /* ClassChangesListener.swift */; };
		04D752A920E065FF00358FE1 /* ClassTableViewCell.swift in Sources */ = {isa = PBXBuildFile; fileRef = 04D752A520E065FE00358FE1 /* ClassTableViewCell.swift */; };
		04D752AA20E065FF00358FE1 /* AssignmentTableViewCell.swift in Sources */ = {isa = PBXBuildFile; fileRef = 04D752A620E065FF00358FE1 /* AssignmentTableViewCell.swift */; };
		04D752AB20E065FF00358FE1 /* RubricTableViewCell.swift in Sources */ = {isa = PBXBuildFile; fileRef = 04D752A720E065FF00358FE1 /* RubricTableViewCell.swift */; };
		04D752AC20E065FF00358FE1 /* GradePercentageTableViewCell.swift in Sources */ = {isa = PBXBuildFile; fileRef = 04D752A820E065FF00358FE1 /* GradePercentageTableViewCell.swift */; };
		04D752B220E0670100358FE1 /* UIBlurAlertView.swift in Sources */ = {isa = PBXBuildFile; fileRef = 04D752B020E0670100358FE1 /* UIBlurAlertView.swift */; };
		04D752B320E0670100358FE1 /* UIBlurAlertController.swift in Sources */ = {isa = PBXBuildFile; fileRef = 04D752B120E0670100358FE1 /* UIBlurAlertController.swift */; };
		04D752B620E0678D00358FE1 /* UISafeTextField.swift in Sources */ = {isa = PBXBuildFile; fileRef = 04D752B420E0678C00358FE1 /* UISafeTextField.swift */; };
		04D752B720E0678D00358FE1 /* UISafeTextFieldConfigurations.swift in Sources */ = {isa = PBXBuildFile; fileRef = 04D752B520E0678C00358FE1 /* UISafeTextFieldConfigurations.swift */; };
		04D752BA20E067D500358FE1 /* UICalculateViewController.swift in Sources */ = {isa = PBXBuildFile; fileRef = 04D752B820E067D500358FE1 /* UICalculateViewController.swift */; };
		04D752BB20E067D500358FE1 /* UICalculateView.swift in Sources */ = {isa = PBXBuildFile; fileRef = 04D752B920E067D500358FE1 /* UICalculateView.swift */; };
		04D752C420E06B5D00358FE1 /* UIFloatingPromptTextField.swift in Sources */ = {isa = PBXBuildFile; fileRef = 04D752BC20E06B5B00358FE1 /* UIFloatingPromptTextField.swift */; };
		04D752C520E06B5D00358FE1 /* UIRubricView.swift in Sources */ = {isa = PBXBuildFile; fileRef = 04D752BD20E06B5B00358FE1 /* UIRubricView.swift */; };
		04D752C620E06B5D00358FE1 /* UIBlurViewController.swift in Sources */ = {isa = PBXBuildFile; fileRef = 04D752BE20E06B5C00358FE1 /* UIBlurViewController.swift */; };
		04D752C720E06B5D00358FE1 /* UIGPAView.swift in Sources */ = {isa = PBXBuildFile; fileRef = 04D752BF20E06B5C00358FE1 /* UIGPAView.swift */; };
		04D752C820E06B5D00358FE1 /* UIGradePercentageView.swift in Sources */ = {isa = PBXBuildFile; fileRef = 04D752C020E06B5C00358FE1 /* UIGradePercentageView.swift */; };
		04D752C920E06B5D00358FE1 /* UIPickerField.swift in Sources */ = {isa = PBXBuildFile; fileRef = 04D752C120E06B5C00358FE1 /* UIPickerField.swift */; };
		04D752CA20E06B5D00358FE1 /* ClassCellHeaderView.swift in Sources */ = {isa = PBXBuildFile; fileRef = 04D752C220E06B5D00358FE1 /* ClassCellHeaderView.swift */; };
		04D752CE20E06ED200358FE1 /* PreviousClassDetailViewController.swift in Sources */ = {isa = PBXBuildFile; fileRef = 04D752CC20E06ED200358FE1 /* PreviousClassDetailViewController.swift */; };
		04D752CF20E06ED200358FE1 /* AddEditClassViewController.swift in Sources */ = {isa = PBXBuildFile; fileRef = 04D752CD20E06ED200358FE1 /* AddEditClassViewController.swift */; };
		04D752D320E06F5F00358FE1 /* ClassDetailTableViewController.swift in Sources */ = {isa = PBXBuildFile; fileRef = 04D752D020E06F5E00358FE1 /* ClassDetailTableViewController.swift */; };
		04D752D420E06F5F00358FE1 /* ClassPeekViewController.swift in Sources */ = {isa = PBXBuildFile; fileRef = 04D752D120E06F5E00358FE1 /* ClassPeekViewController.swift */; };
		04D752D520E06F5F00358FE1 /* AddEditAssignmentTableViewController.swift in Sources */ = {isa = PBXBuildFile; fileRef = 04D752D220E06F5F00358FE1 /* AddEditAssignmentTableViewController.swift */; };
		C99DD0EEC62F63C671E1083B /* Pods_Grade_Hawk.framework in Frameworks */ = {isa = PBXBuildFile; fileRef = 8DB30CBB367DA35CC85556F4 /* Pods_Grade_Hawk.framework */; };
		F7F35ED90A44934C079A720A /* Pods_Grade_HawkTests.framework in Frameworks */ = {isa = PBXBuildFile; fileRef = 2DB4BB712C5A4A648A79E13E /* Pods_Grade_HawkTests.framework */; };
/* End PBXBuildFile section */

/* Begin PBXContainerItemProxy section */
		0484B40120C4EED300D2989B /* PBXContainerItemProxy */ = {
			isa = PBXContainerItemProxy;
			containerPortal = 0484B3E420C4EED100D2989B /* Project object */;
			proxyType = 1;
			remoteGlobalIDString = 0484B3EB20C4EED100D2989B;
			remoteInfo = "Grade Hawk";
		};
/* End PBXContainerItemProxy section */

/* Begin PBXCopyFilesBuildPhase section */
		04272C2220D0E8F700F78574 /* Embed Frameworks */ = {
			isa = PBXCopyFilesBuildPhase;
			buildActionMask = 2147483647;
			dstPath = "";
			dstSubfolderSpec = 10;
			files = (
				04272C2120D0E8F700F78574 /* RealmSwift.framework in Embed Frameworks */,
				04272C1F20D0E8F700F78574 /* Realm.framework in Embed Frameworks */,
			);
			name = "Embed Frameworks";
			runOnlyForDeploymentPostprocessing = 0;
		};
/* End PBXCopyFilesBuildPhase section */

/* Begin PBXFileReference section */
		04272C1C20D0E8F600F78574 /* Realm.framework */ = {isa = PBXFileReference; lastKnownFileType = wrapper.framework; path = Realm.framework; sourceTree = "<group>"; };
		04272C1D20D0E8F700F78574 /* RealmSwift.framework */ = {isa = PBXFileReference; lastKnownFileType = wrapper.framework; path = RealmSwift.framework; sourceTree = "<group>"; };
		0484B3EC20C4EED100D2989B /* Grade Hawk.app */ = {isa = PBXFileReference; explicitFileType = wrapper.application; includeInIndex = 0; path = "Grade Hawk.app"; sourceTree = BUILT_PRODUCTS_DIR; };
		0484B3EF20C4EED100D2989B /* AppDelegate.swift */ = {isa = PBXFileReference; lastKnownFileType = sourcecode.swift; path = AppDelegate.swift; sourceTree = "<group>"; };
		0484B3F620C4EED300D2989B /* Assets.xcassets */ = {isa = PBXFileReference; lastKnownFileType = folder.assetcatalog; path = Assets.xcassets; sourceTree = "<group>"; };
		0484B3FB20C4EED300D2989B /* Info.plist */ = {isa = PBXFileReference; lastKnownFileType = text.plist.xml; path = Info.plist; sourceTree = "<group>"; };
		0484B40020C4EED300D2989B /* Grade HawkTests.xctest */ = {isa = PBXFileReference; explicitFileType = wrapper.cfbundle; includeInIndex = 0; path = "Grade HawkTests.xctest"; sourceTree = BUILT_PRODUCTS_DIR; };
		0484B40420C4EED300D2989B /* Grade_HawkTests.swift */ = {isa = PBXFileReference; lastKnownFileType = sourcecode.swift; path = Grade_HawkTests.swift; sourceTree = "<group>"; };
		0484B40620C4EED300D2989B /* Info.plist */ = {isa = PBXFileReference; lastKnownFileType = text.plist.xml; path = Info.plist; sourceTree = "<group>"; };
		0488775A20D22C4400815442 /* Constants.swift */ = {isa = PBXFileReference; lastKnownFileType = sourcecode.swift; path = Constants.swift; sourceTree = "<group>"; };
		04D7508F20E01D1D00358FE1 /* ClassDetail.storyboard */ = {isa = PBXFileReference; fileEncoding = 4; lastKnownFileType = file.storyboard; path = ClassDetail.storyboard; sourceTree = "<group>"; };
		04D7509020E01D1E00358FE1 /* LaunchScreen.storyboard */ = {isa = PBXFileReference; fileEncoding = 4; lastKnownFileType = file.storyboard; path = LaunchScreen.storyboard; sourceTree = "<group>"; };
		04D7509120E01D1E00358FE1 /* Onboarding.storyboard */ = {isa = PBXFileReference; fileEncoding = 4; lastKnownFileType = file.storyboard; path = Onboarding.storyboard; sourceTree = "<group>"; };
		04D7509220E01D1E00358FE1 /* Calculators.storyboard */ = {isa = PBXFileReference; fileEncoding = 4; lastKnownFileType = file.storyboard; path = Calculators.storyboard; sourceTree = "<group>"; };
		04D7509320E01D1E00358FE1 /* Settings.storyboard */ = {isa = PBXFileReference; fileEncoding = 4; lastKnownFileType = file.storyboard; path = Settings.storyboard; sourceTree = "<group>"; };
		04D7509420E01D1E00358FE1 /* Main.storyboard */ = {isa = PBXFileReference; fileEncoding = 4; lastKnownFileType = file.storyboard; path = Main.storyboard; sourceTree = "<group>"; };
		04D750A020E01F7100358FE1 /* ClassesTableViewController.swift */ = {isa = PBXFileReference; lastKnownFileType = sourcecode.swift; path = ClassesTableViewController.swift; sourceTree = "<group>"; };
		04D750A220E0201D00358FE1 /* ApplicationTheme.swift */ = {isa = PBXFileReference; lastKnownFileType = sourcecode.swift; path = ApplicationTheme.swift; sourceTree = "<group>"; };
		04D750A420E020AE00358FE1 /* RealmTableView.swift */ = {isa = PBXFileReference; lastKnownFileType = sourcecode.swift; path = RealmTableView.swift; sourceTree = "<group>"; };
		04D750A820E0216A00358FE1 /* GradePercentage.swift */ = {isa = PBXFileReference; lastKnownFileType = sourcecode.swift; path = GradePercentage.swift; sourceTree = "<group>"; };
		04D750AA20E0219600358FE1 /* GradeRubric.swift */ = {isa = PBXFileReference; lastKnownFileType = sourcecode.swift; path = GradeRubric.swift; sourceTree = "<group>"; };
		04D750AC20E021A900358FE1 /* Semester.swift */ = {isa = PBXFileReference; lastKnownFileType = sourcecode.swift; path = Semester.swift; sourceTree = "<group>"; };
		04D750AE20E021B400358FE1 /* Rubric.swift */ = {isa = PBXFileReference; lastKnownFileType = sourcecode.swift; path = Rubric.swift; sourceTree = "<group>"; };
		04D750B020E021C200358FE1 /* Assignment.swift */ = {isa = PBXFileReference; lastKnownFileType = sourcecode.swift; path = Assignment.swift; sourceTree = "<group>"; };
		04D750B220E021CB00358FE1 /* Grade.swift */ = {isa = PBXFileReference; lastKnownFileType = sourcecode.swift; path = Grade.swift; sourceTree = "<group>"; };
		04D750B420E021DB00358FE1 /* ClassType.swift */ = {isa = PBXFileReference; lastKnownFileType = sourcecode.swift; path = ClassType.swift; sourceTree = "<group>"; };
		04D750B620E021ED00358FE1 /* ClassGradeType.swift */ = {isa = PBXFileReference; lastKnownFileType = sourcecode.swift; path = ClassGradeType.swift; sourceTree = "<group>"; };
		04D750B820E021F700358FE1 /* Class.swift */ = {isa = PBXFileReference; lastKnownFileType = sourcecode.swift; path = Class.swift; sourceTree = "<group>"; };
		04D750BA20E0220600358FE1 /* AppInfo.swift */ = {isa = PBXFileReference; lastKnownFileType = sourcecode.swift; path = AppInfo.swift; sourceTree = "<group>"; };
		04D750BC20E0239400358FE1 /* RatingManager.swift */ = {isa = PBXFileReference; lastKnownFileType = sourcecode.swift; path = RatingManager.swift; sourceTree = "<group>"; };
		04D750BE20E023A300358FE1 /* DatabaseManager.swift */ = {isa = PBXFileReference; lastKnownFileType = sourcecode.swift; path = DatabaseManager.swift; sourceTree = "<group>"; };
		04D750C020E023EE00358FE1 /* GPAScale.swift */ = {isa = PBXFileReference; lastKnownFileType = sourcecode.swift; path = GPAScale.swift; sourceTree = "<group>"; };
		04D750C220E023F900358FE1 /* GPARubric.swift */ = {isa = PBXFileReference; lastKnownFileType = sourcecode.swift; path = GPARubric.swift; sourceTree = "<group>"; };
		04D750C420E0240800358FE1 /* GPACalculation.swift */ = {isa = PBXFileReference; lastKnownFileType = sourcecode.swift; path = GPACalculation.swift; sourceTree = "<group>"; };
		04D750C620E0261900358FE1 /* UIColor+Extension.swift */ = {isa = PBXFileReference; lastKnownFileType = sourcecode.swift; path = "UIColor+Extension.swift"; sourceTree = "<group>"; };
		04D750C820E026B500358FE1 /* Int+Random.swift */ = {isa = PBXFileReference; lastKnownFileType = sourcecode.swift; path = "Int+Random.swift"; sourceTree = "<group>"; };
		04D750CA20E026CA00358FE1 /* UILabel+Resize.swift */ = {isa = PBXFileReference; lastKnownFileType = sourcecode.swift; path = "UILabel+Resize.swift"; sourceTree = "<group>"; };
		04D750CC20E026DC00358FE1 /* String+Extension.swift */ = {isa = PBXFileReference; lastKnownFileType = sourcecode.swift; path = "String+Extension.swift"; sourceTree = "<group>"; };
		04D750CE20E026F300358FE1 /* UIViewController+Alert.swift */ = {isa = PBXFileReference; lastKnownFileType = sourcecode.swift; path = "UIViewController+Alert.swift"; sourceTree = "<group>"; };
		04D750D020E0271800358FE1 /* UIButton+Handler.swift */ = {isa = PBXFileReference; lastKnownFileType = sourcecode.swift; path = "UIButton+Handler.swift"; sourceTree = "<group>"; };
		04D750D220E0272C00358FE1 /* UIButton+PulseAnimation.swift */ = {isa = PBXFileReference; lastKnownFileType = sourcecode.swift; path = "UIButton+PulseAnimation.swift"; sourceTree = "<group>"; };
		04D750D420E0273E00358FE1 /* Double+Round.swift */ = {isa = PBXFileReference; lastKnownFileType = sourcecode.swift; path = "Double+Round.swift"; sourceTree = "<group>"; };
		04D750D620E0275A00358FE1 /* CGFloat+ToRads.swift */ = {isa = PBXFileReference; lastKnownFileType = sourcecode.swift; path = "CGFloat+ToRads.swift"; sourceTree = "<group>"; };
		04D750D820E0278500358FE1 /* UIApplicationShortcutItem+QuickActionID.swift */ = {isa = PBXFileReference; lastKnownFileType = sourcecode.swift; path = "UIApplicationShortcutItem+QuickActionID.swift"; sourceTree = "<group>"; };
		04D750DA20E0279B00358FE1 /* Array+Extensions.swift */ = {isa = PBXFileReference; lastKnownFileType = sourcecode.swift; path = "Array+Extensions.swift"; sourceTree = "<group>"; };
		04D750DC20E027B200358FE1 /* UIViewController+StatusBarFix.swift */ = {isa = PBXFileReference; lastKnownFileType = sourcecode.swift; path = "UIViewController+StatusBarFix.swift"; sourceTree = "<group>"; };
		04D750DE20E028AE00358FE1 /* QuickActionId.swift */ = {isa = PBXFileReference; fileEncoding = 4; lastKnownFileType = sourcecode.swift; path = QuickActionId.swift; sourceTree = "<group>"; };
		04D750DF20E028AE00358FE1 /* StudentType.swift */ = {isa = PBXFileReference; fileEncoding = 4; lastKnownFileType = sourcecode.swift; path = StudentType.swift; sourceTree = "<group>"; };
		04D750E020E028AE00358FE1 /* AlertType.swift */ = {isa = PBXFileReference; fileEncoding = 4; lastKnownFileType = sourcecode.swift; path = AlertType.swift; sourceTree = "<group>"; };
		04D750E120E028AF00358FE1 /* UIRubricViewState.swift */ = {isa = PBXFileReference; fileEncoding = 4; lastKnownFileType = sourcecode.swift; path = UIRubricViewState.swift; sourceTree = "<group>"; };
		04D750E620E0293C00358FE1 /* AssignmentChangesListener.swift */ = {isa = PBXFileReference; fileEncoding = 4; lastKnownFileType = sourcecode.swift; path = AssignmentChangesListener.swift; sourceTree = "<group>"; };
		04D750E720E0293C00358FE1 /* UIPickerFieldDataSource.swift */ = {isa = PBXFileReference; fileEncoding = 4; lastKnownFileType = sourcecode.swift; path = UIPickerFieldDataSource.swift; sourceTree = "<group>"; };
		04D750E820E0293C00358FE1 /* UIRubricViewDelegate.swift */ = {isa = PBXFileReference; fileEncoding = 4; lastKnownFileType = sourcecode.swift; path = UIRubricViewDelegate.swift; sourceTree = "<group>"; };
		04D750E920E0293D00358FE1 /* UIPickerFieldDelegate.swift */ = {isa = PBXFileReference; fileEncoding = 4; lastKnownFileType = sourcecode.swift; path = UIPickerFieldDelegate.swift; sourceTree = "<group>"; };
		04D750EA20E0293D00358FE1 /* Segueable.swift */ = {isa = PBXFileReference; fileEncoding = 4; lastKnownFileType = sourcecode.swift; path = Segueable.swift; sourceTree = "<group>"; };
		04D750EB20E0293D00358FE1 /* ClassChangesListener.swift */ = {isa = PBXFileReference; fileEncoding = 4; lastKnownFileType = sourcecode.swift; path = ClassChangesListener.swift; sourceTree = "<group>"; };
		04D752A520E065FE00358FE1 /* ClassTableViewCell.swift */ = {isa = PBXFileReference; fileEncoding = 4; lastKnownFileType = sourcecode.swift; path = ClassTableViewCell.swift; sourceTree = "<group>"; };
		04D752A620E065FF00358FE1 /* AssignmentTableViewCell.swift */ = {isa = PBXFileReference; fileEncoding = 4; lastKnownFileType = sourcecode.swift; path = AssignmentTableViewCell.swift; sourceTree = "<group>"; };
		04D752A720E065FF00358FE1 /* RubricTableViewCell.swift */ = {isa = PBXFileReference; fileEncoding = 4; lastKnownFileType = sourcecode.swift; path = RubricTableViewCell.swift; sourceTree = "<group>"; };
		04D752A820E065FF00358FE1 /* GradePercentageTableViewCell.swift */ = {isa = PBXFileReference; fileEncoding = 4; lastKnownFileType = sourcecode.swift; path = GradePercentageTableViewCell.swift; sourceTree = "<group>"; };
		04D752B020E0670100358FE1 /* UIBlurAlertView.swift */ = {isa = PBXFileReference; fileEncoding = 4; lastKnownFileType = sourcecode.swift; path = UIBlurAlertView.swift; sourceTree = "<group>"; };
		04D752B120E0670100358FE1 /* UIBlurAlertController.swift */ = {isa = PBXFileReference; fileEncoding = 4; lastKnownFileType = sourcecode.swift; path = UIBlurAlertController.swift; sourceTree = "<group>"; };
		04D752B420E0678C00358FE1 /* UISafeTextField.swift */ = {isa = PBXFileReference; fileEncoding = 4; lastKnownFileType = sourcecode.swift; path = UISafeTextField.swift; sourceTree = "<group>"; };
		04D752B520E0678C00358FE1 /* UISafeTextFieldConfigurations.swift */ = {isa = PBXFileReference; fileEncoding = 4; lastKnownFileType = sourcecode.swift; path = UISafeTextFieldConfigurations.swift; sourceTree = "<group>"; };
		04D752B820E067D500358FE1 /* UICalculateViewController.swift */ = {isa = PBXFileReference; fileEncoding = 4; lastKnownFileType = sourcecode.swift; path = UICalculateViewController.swift; sourceTree = "<group>"; };
		04D752B920E067D500358FE1 /* UICalculateView.swift */ = {isa = PBXFileReference; fileEncoding = 4; lastKnownFileType = sourcecode.swift; path = UICalculateView.swift; sourceTree = "<group>"; };
		04D752BC20E06B5B00358FE1 /* UIFloatingPromptTextField.swift */ = {isa = PBXFileReference; fileEncoding = 4; lastKnownFileType = sourcecode.swift; path = UIFloatingPromptTextField.swift; sourceTree = "<group>"; };
		04D752BD20E06B5B00358FE1 /* UIRubricView.swift */ = {isa = PBXFileReference; fileEncoding = 4; lastKnownFileType = sourcecode.swift; path = UIRubricView.swift; sourceTree = "<group>"; };
		04D752BE20E06B5C00358FE1 /* UIBlurViewController.swift */ = {isa = PBXFileReference; fileEncoding = 4; lastKnownFileType = sourcecode.swift; path = UIBlurViewController.swift; sourceTree = "<group>"; };
		04D752BF20E06B5C00358FE1 /* UIGPAView.swift */ = {isa = PBXFileReference; fileEncoding = 4; lastKnownFileType = sourcecode.swift; path = UIGPAView.swift; sourceTree = "<group>"; };
		04D752C020E06B5C00358FE1 /* UIGradePercentageView.swift */ = {isa = PBXFileReference; fileEncoding = 4; lastKnownFileType = sourcecode.swift; path = UIGradePercentageView.swift; sourceTree = "<group>"; };
		04D752C120E06B5C00358FE1 /* UIPickerField.swift */ = {isa = PBXFileReference; fileEncoding = 4; lastKnownFileType = sourcecode.swift; path = UIPickerField.swift; sourceTree = "<group>"; };
		04D752C220E06B5D00358FE1 /* ClassCellHeaderView.swift */ = {isa = PBXFileReference; fileEncoding = 4; lastKnownFileType = sourcecode.swift; path = ClassCellHeaderView.swift; sourceTree = "<group>"; };
		04D752CC20E06ED200358FE1 /* PreviousClassDetailViewController.swift */ = {isa = PBXFileReference; fileEncoding = 4; lastKnownFileType = sourcecode.swift; path = PreviousClassDetailViewController.swift; sourceTree = "<group>"; };
		04D752CD20E06ED200358FE1 /* AddEditClassViewController.swift */ = {isa = PBXFileReference; fileEncoding = 4; lastKnownFileType = sourcecode.swift; path = AddEditClassViewController.swift; sourceTree = "<group>"; };
		04D752D020E06F5E00358FE1 /* ClassDetailTableViewController.swift */ = {isa = PBXFileReference; fileEncoding = 4; lastKnownFileType = sourcecode.swift; path = ClassDetailTableViewController.swift; sourceTree = "<group>"; };
		04D752D120E06F5E00358FE1 /* ClassPeekViewController.swift */ = {isa = PBXFileReference; fileEncoding = 4; lastKnownFileType = sourcecode.swift; path = ClassPeekViewController.swift; sourceTree = "<group>"; };
		04D752D220E06F5F00358FE1 /* AddEditAssignmentTableViewController.swift */ = {isa = PBXFileReference; fileEncoding = 4; lastKnownFileType = sourcecode.swift; path = AddEditAssignmentTableViewController.swift; sourceTree = "<group>"; };
		2DB4BB712C5A4A648A79E13E /* Pods_Grade_HawkTests.framework */ = {isa = PBXFileReference; explicitFileType = wrapper.framework; includeInIndex = 0; path = Pods_Grade_HawkTests.framework; sourceTree = BUILT_PRODUCTS_DIR; };
		45BF3671DAC2327056C455ED /* Pods-Grade Hawk.debug.xcconfig */ = {isa = PBXFileReference; includeInIndex = 1; lastKnownFileType = text.xcconfig; name = "Pods-Grade Hawk.debug.xcconfig"; path = "Pods/Target Support Files/Pods-Grade Hawk/Pods-Grade Hawk.debug.xcconfig"; sourceTree = "<group>"; };
		475A95D7D956FB82F9707993 /* Pods-Grade HawkTests.release.xcconfig */ = {isa = PBXFileReference; includeInIndex = 1; lastKnownFileType = text.xcconfig; name = "Pods-Grade HawkTests.release.xcconfig"; path = "Pods/Target Support Files/Pods-Grade HawkTests/Pods-Grade HawkTests.release.xcconfig"; sourceTree = "<group>"; };
		8DB30CBB367DA35CC85556F4 /* Pods_Grade_Hawk.framework */ = {isa = PBXFileReference; explicitFileType = wrapper.framework; includeInIndex = 0; path = Pods_Grade_Hawk.framework; sourceTree = BUILT_PRODUCTS_DIR; };
		B32FA68F7DC469BC13CD2FBC /* Pods-Grade HawkTests.debug.xcconfig */ = {isa = PBXFileReference; includeInIndex = 1; lastKnownFileType = text.xcconfig; name = "Pods-Grade HawkTests.debug.xcconfig"; path = "Pods/Target Support Files/Pods-Grade HawkTests/Pods-Grade HawkTests.debug.xcconfig"; sourceTree = "<group>"; };
		C7CA9D92A6423B59E2EEE755 /* Pods-Grade Hawk.release.xcconfig */ = {isa = PBXFileReference; includeInIndex = 1; lastKnownFileType = text.xcconfig; name = "Pods-Grade Hawk.release.xcconfig"; path = "Pods/Target Support Files/Pods-Grade Hawk/Pods-Grade Hawk.release.xcconfig"; sourceTree = "<group>"; };
/* End PBXFileReference section */

/* Begin PBXFrameworksBuildPhase section */
		0484B3E920C4EED100D2989B /* Frameworks */ = {
			isa = PBXFrameworksBuildPhase;
			buildActionMask = 2147483647;
			files = (
				C99DD0EEC62F63C671E1083B /* Pods_Grade_Hawk.framework in Frameworks */,
			);
			runOnlyForDeploymentPostprocessing = 0;
		};
		0484B3FD20C4EED300D2989B /* Frameworks */ = {
			isa = PBXFrameworksBuildPhase;
			buildActionMask = 2147483647;
			files = (
				F7F35ED90A44934C079A720A /* Pods_Grade_HawkTests.framework in Frameworks */,
			);
			runOnlyForDeploymentPostprocessing = 0;
		};
/* End PBXFrameworksBuildPhase section */

/* Begin PBXGroup section */
		0484B3E320C4EED100D2989B = {
			isa = PBXGroup;
			children = (
				04272C1C20D0E8F600F78574 /* Realm.framework */,
				04272C1D20D0E8F700F78574 /* RealmSwift.framework */,
				0484B3EE20C4EED100D2989B /* Grade Hawk */,
				0484B40320C4EED300D2989B /* Grade HawkTests */,
				0484B3ED20C4EED100D2989B /* Products */,
				1931CBB3CFAB92A052E0BE67 /* Pods */,
				883C8748A5DBD8DB1E8C4313 /* Frameworks */,
			);
			sourceTree = "<group>";
		};
		0484B3ED20C4EED100D2989B /* Products */ = {
			isa = PBXGroup;
			children = (
				0484B3EC20C4EED100D2989B /* Grade Hawk.app */,
				0484B40020C4EED300D2989B /* Grade HawkTests.xctest */,
			);
			name = Products;
			sourceTree = "<group>";
		};
		0484B3EE20C4EED100D2989B /* Grade Hawk */ = {
			isa = PBXGroup;
			children = (
				0484B3EF20C4EED100D2989B /* AppDelegate.swift */,
				0488775A20D22C4400815442 /* Constants.swift */,
				0484B3FB20C4EED300D2989B /* Info.plist */,
				0488775920D22AFA00815442 /* Managers */,
				0488775820D22AED00815442 /* Data Models */,
				0488775720D22AE500815442 /* Enums */,
				0488775620D22AD900815442 /* Protocols */,
				0488775520D22ACF00815442 /* Extensions */,
				0488775420D22AC300815442 /* Controllers */,
				0488775320D22AA000815442 /* Custom Controls */,
				0488775220D22A8F00815442 /* Storyboards */,
				0484B3F620C4EED300D2989B /* Assets.xcassets */,
			);
			path = "Grade Hawk";
			sourceTree = "<group>";
		};
		0484B40320C4EED300D2989B /* Grade HawkTests */ = {
			isa = PBXGroup;
			children = (
				0484B40420C4EED300D2989B /* Grade_HawkTests.swift */,
				0484B40620C4EED300D2989B /* Info.plist */,
			);
			path = "Grade HawkTests";
			sourceTree = "<group>";
		};
		0488775220D22A8F00815442 /* Storyboards */ = {
			isa = PBXGroup;
			children = (
				04D7509220E01D1E00358FE1 /* Calculators.storyboard */,
				04D7508F20E01D1D00358FE1 /* ClassDetail.storyboard */,
				04D7509020E01D1E00358FE1 /* LaunchScreen.storyboard */,
				04D7509420E01D1E00358FE1 /* Main.storyboard */,
				04D7509120E01D1E00358FE1 /* Onboarding.storyboard */,
				04D7509320E01D1E00358FE1 /* Settings.storyboard */,
			);
			path = Storyboards;
			sourceTree = "<group>";
		};
		0488775320D22AA000815442 /* Custom Controls */ = {
			isa = PBXGroup;
			children = (
				04D752C220E06B5D00358FE1 /* ClassCellHeaderView.swift */,
				04D752BE20E06B5C00358FE1 /* UIBlurViewController.swift */,
				04D752BC20E06B5B00358FE1 /* UIFloatingPromptTextField.swift */,
				04D752BF20E06B5C00358FE1 /* UIGPAView.swift */,
				04D752C020E06B5C00358FE1 /* UIGradePercentageView.swift */,
				04D752C120E06B5C00358FE1 /* UIPickerField.swift */,
				04D752BD20E06B5B00358FE1 /* UIRubricView.swift */,
				04D752AF20E066E800358FE1 /* UICalculateView */,
				04D752AE20E066DA00358FE1 /* UISafeTextField */,
				04D752AD20E0669C00358FE1 /* UIBlurAlert */,
				04D752A420E065D000358FE1 /* Cells */,
			);
			path = "Custom Controls";
			sourceTree = "<group>";
		};
		0488775420D22AC300815442 /* Controllers */ = {
			isa = PBXGroup;
			children = (
				04D7509F20E01F5000358FE1 /* Class */,
				04D7509E20E01F4900358FE1 /* Assignment */,
				04D7509D20E01F4000358FE1 /* Settings */,
				04D7509C20E01F3900358FE1 /* Onboarding */,
				04D7509B20E01F2900358FE1 /* Calculators */,
			);
			path = Controllers;
			sourceTree = "<group>";
		};
		0488775520D22ACF00815442 /* Extensions */ = {
			isa = PBXGroup;
			children = (
				04D750C620E0261900358FE1 /* UIColor+Extension.swift */,
				04D750C820E026B500358FE1 /* Int+Random.swift */,
				04D750CA20E026CA00358FE1 /* UILabel+Resize.swift */,
				04D750CC20E026DC00358FE1 /* String+Extension.swift */,
				04D750CE20E026F300358FE1 /* UIViewController+Alert.swift */,
				04D750D020E0271800358FE1 /* UIButton+Handler.swift */,
				04D750D220E0272C00358FE1 /* UIButton+PulseAnimation.swift */,
				04D750D420E0273E00358FE1 /* Double+Round.swift */,
				04D750D620E0275A00358FE1 /* CGFloat+ToRads.swift */,
				04D750D820E0278500358FE1 /* UIApplicationShortcutItem+QuickActionID.swift */,
				04D750DA20E0279B00358FE1 /* Array+Extensions.swift */,
				04D750DC20E027B200358FE1 /* UIViewController+StatusBarFix.swift */,
			);
			path = Extensions;
			sourceTree = "<group>";
		};
		0488775620D22AD900815442 /* Protocols */ = {
			isa = PBXGroup;
			children = (
				04D750A420E020AE00358FE1 /* RealmTableView.swift */,
				04D750E620E0293C00358FE1 /* AssignmentChangesListener.swift */,
				04D750EB20E0293D00358FE1 /* ClassChangesListener.swift */,
				04D750EA20E0293D00358FE1 /* Segueable.swift */,
				04D750E720E0293C00358FE1 /* UIPickerFieldDataSource.swift */,
				04D750E920E0293D00358FE1 /* UIPickerFieldDelegate.swift */,
				04D750E820E0293C00358FE1 /* UIRubricViewDelegate.swift */,
			);
			path = Protocols;
			sourceTree = "<group>";
		};
		0488775720D22AE500815442 /* Enums */ = {
			isa = PBXGroup;
			children = (
				04D750E020E028AE00358FE1 /* AlertType.swift */,
				04D750DE20E028AE00358FE1 /* QuickActionId.swift */,
				04D750DF20E028AE00358FE1 /* StudentType.swift */,
				04D750E120E028AF00358FE1 /* UIRubricViewState.swift */,
			);
			path = Enums;
			sourceTree = "<group>";
		};
		0488775820D22AED00815442 /* Data Models */ = {
			isa = PBXGroup;
			children = (
				04D750A720E0214D00358FE1 /* GPA */,
				04D750A620E0214600358FE1 /* Models */,
			);
			path = "Data Models";
			sourceTree = "<group>";
		};
		0488775920D22AFA00815442 /* Managers */ = {
			isa = PBXGroup;
			children = (
				04D750A220E0201D00358FE1 /* ApplicationTheme.swift */,
				04D750BC20E0239400358FE1 /* RatingManager.swift */,
				04D750BE20E023A300358FE1 /* DatabaseManager.swift */,
			);
			path = Managers;
			sourceTree = "<group>";
		};
		04D7509B20E01F2900358FE1 /* Calculators */ = {
			isa = PBXGroup;
			children = (
			);
			path = Calculators;
			sourceTree = "<group>";
		};
		04D7509C20E01F3900358FE1 /* Onboarding */ = {
			isa = PBXGroup;
			children = (
			);
			path = Onboarding;
			sourceTree = "<group>";
		};
		04D7509D20E01F4000358FE1 /* Settings */ = {
			isa = PBXGroup;
			children = (
			);
			path = Settings;
			sourceTree = "<group>";
		};
		04D7509E20E01F4900358FE1 /* Assignment */ = {
			isa = PBXGroup;
			children = (
				04D752D220E06F5F00358FE1 /* AddEditAssignmentTableViewController.swift */,
				04D752D020E06F5E00358FE1 /* ClassDetailTableViewController.swift */,
				04D752D120E06F5E00358FE1 /* ClassPeekViewController.swift */,
			);
			path = Assignment;
			sourceTree = "<group>";
		};
		04D7509F20E01F5000358FE1 /* Class */ = {
			isa = PBXGroup;
			children = (
				04D750A020E01F7100358FE1 /* ClassesTableViewController.swift */,
				04D752CD20E06ED200358FE1 /* AddEditClassViewController.swift */,
				04D752CC20E06ED200358FE1 /* PreviousClassDetailViewController.swift */,
			);
			path = Class;
			sourceTree = "<group>";
		};
		04D750A620E0214600358FE1 /* Models */ = {
			isa = PBXGroup;
			children = (
				04D750A820E0216A00358FE1 /* GradePercentage.swift */,
				04D750AA20E0219600358FE1 /* GradeRubric.swift */,
				04D750AC20E021A900358FE1 /* Semester.swift */,
				04D750AE20E021B400358FE1 /* Rubric.swift */,
				04D750B020E021C200358FE1 /* Assignment.swift */,
				04D750B220E021CB00358FE1 /* Grade.swift */,
				04D750B420E021DB00358FE1 /* ClassType.swift */,
				04D750B620E021ED00358FE1 /* ClassGradeType.swift */,
				04D750B820E021F700358FE1 /* Class.swift */,
				04D750BA20E0220600358FE1 /* AppInfo.swift */,
			);
			path = Models;
			sourceTree = "<group>";
		};
		04D750A720E0214D00358FE1 /* GPA */ = {
			isa = PBXGroup;
			children = (
				04D750C020E023EE00358FE1 /* GPAScale.swift */,
				04D750C220E023F900358FE1 /* GPARubric.swift */,
				04D750C420E0240800358FE1 /* GPACalculation.swift */,
			);
			path = GPA;
			sourceTree = "<group>";
		};
		04D752A420E065D000358FE1 /* Cells */ = {
			isa = PBXGroup;
			children = (
				04D752A620E065FF00358FE1 /* AssignmentTableViewCell.swift */,
				04D752A520E065FE00358FE1 /* ClassTableViewCell.swift */,
				04D752A820E065FF00358FE1 /* GradePercentageTableViewCell.swift */,
				04D752A720E065FF00358FE1 /* RubricTableViewCell.swift */,
			);
			path = Cells;
			sourceTree = "<group>";
		};
		04D752AD20E0669C00358FE1 /* UIBlurAlert */ = {
			isa = PBXGroup;
			children = (
				04D752B120E0670100358FE1 /* UIBlurAlertController.swift */,
				04D752B020E0670100358FE1 /* UIBlurAlertView.swift */,
			);
			path = UIBlurAlert;
			sourceTree = "<group>";
		};
		04D752AE20E066DA00358FE1 /* UISafeTextField */ = {
			isa = PBXGroup;
			children = (
				04D752B420E0678C00358FE1 /* UISafeTextField.swift */,
				04D752B520E0678C00358FE1 /* UISafeTextFieldConfigurations.swift */,
			);
			path = UISafeTextField;
			sourceTree = "<group>";
		};
		04D752AF20E066E800358FE1 /* UICalculateView */ = {
			isa = PBXGroup;
			children = (
				04D752B920E067D500358FE1 /* UICalculateView.swift */,
				04D752B820E067D500358FE1 /* UICalculateViewController.swift */,
			);
			path = UICalculateView;
			sourceTree = "<group>";
		};
		1931CBB3CFAB92A052E0BE67 /* Pods */ = {
			isa = PBXGroup;
			children = (
				45BF3671DAC2327056C455ED /* Pods-Grade Hawk.debug.xcconfig */,
				C7CA9D92A6423B59E2EEE755 /* Pods-Grade Hawk.release.xcconfig */,
				B32FA68F7DC469BC13CD2FBC /* Pods-Grade HawkTests.debug.xcconfig */,
				475A95D7D956FB82F9707993 /* Pods-Grade HawkTests.release.xcconfig */,
			);
			name = Pods;
			sourceTree = "<group>";
		};
		883C8748A5DBD8DB1E8C4313 /* Frameworks */ = {
			isa = PBXGroup;
			children = (
				8DB30CBB367DA35CC85556F4 /* Pods_Grade_Hawk.framework */,
				2DB4BB712C5A4A648A79E13E /* Pods_Grade_HawkTests.framework */,
			);
			name = Frameworks;
			sourceTree = "<group>";
		};
/* End PBXGroup section */

/* Begin PBXNativeTarget section */
		0484B3EB20C4EED100D2989B /* Grade Hawk */ = {
			isa = PBXNativeTarget;
			buildConfigurationList = 0484B40920C4EED300D2989B /* Build configuration list for PBXNativeTarget "Grade Hawk" */;
			buildPhases = (
				A389D5D6F8D8EF683A43F65C /* [CP] Check Pods Manifest.lock */,
				0484B3E820C4EED100D2989B /* Sources */,
				0484B3E920C4EED100D2989B /* Frameworks */,
				0484B3EA20C4EED100D2989B /* Resources */,
				F5DA9FD91E5584619892BBD8 /* [CP] Embed Pods Frameworks */,
				04272C2220D0E8F700F78574 /* Embed Frameworks */,
			);
			buildRules = (
			);
			dependencies = (
			);
			name = "Grade Hawk";
			productName = "Grade Hawk";
			productReference = 0484B3EC20C4EED100D2989B /* Grade Hawk.app */;
			productType = "com.apple.product-type.application";
		};
		0484B3FF20C4EED300D2989B /* Grade HawkTests */ = {
			isa = PBXNativeTarget;
			buildConfigurationList = 0484B40C20C4EED300D2989B /* Build configuration list for PBXNativeTarget "Grade HawkTests" */;
			buildPhases = (
				631FE39299914F09EE7BD0D8 /* [CP] Check Pods Manifest.lock */,
				0484B3FC20C4EED300D2989B /* Sources */,
				0484B3FD20C4EED300D2989B /* Frameworks */,
				0484B3FE20C4EED300D2989B /* Resources */,
			);
			buildRules = (
			);
			dependencies = (
				0484B40220C4EED300D2989B /* PBXTargetDependency */,
			);
			name = "Grade HawkTests";
			productName = "Grade HawkTests";
			productReference = 0484B40020C4EED300D2989B /* Grade HawkTests.xctest */;
			productType = "com.apple.product-type.bundle.unit-test";
		};
/* End PBXNativeTarget section */

/* Begin PBXProject section */
		0484B3E420C4EED100D2989B /* Project object */ = {
			isa = PBXProject;
			attributes = {
				LastSwiftUpdateCheck = 0930;
				LastUpgradeCheck = 0930;
				ORGANIZATIONNAME = AlphaApplications;
				TargetAttributes = {
					0484B3EB20C4EED100D2989B = {
						CreatedOnToolsVersion = 9.3;
					};
					0484B3FF20C4EED300D2989B = {
						CreatedOnToolsVersion = 9.3;
						TestTargetID = 0484B3EB20C4EED100D2989B;
					};
				};
			};
			buildConfigurationList = 0484B3E720C4EED100D2989B /* Build configuration list for PBXProject "Grade Hawk" */;
			compatibilityVersion = "Xcode 9.3";
			developmentRegion = en;
			hasScannedForEncodings = 0;
			knownRegions = (
				en,
				Base,
			);
			mainGroup = 0484B3E320C4EED100D2989B;
			productRefGroup = 0484B3ED20C4EED100D2989B /* Products */;
			projectDirPath = "";
			projectRoot = "";
			targets = (
				0484B3EB20C4EED100D2989B /* Grade Hawk */,
				0484B3FF20C4EED300D2989B /* Grade HawkTests */,
			);
		};
/* End PBXProject section */

/* Begin PBXResourcesBuildPhase section */
		0484B3EA20C4EED100D2989B /* Resources */ = {
			isa = PBXResourcesBuildPhase;
			buildActionMask = 2147483647;
			files = (
				04D7509A20E01D1E00358FE1 /* Main.storyboard in Resources */,
				04D7509620E01D1E00358FE1 /* LaunchScreen.storyboard in Resources */,
				04D7509520E01D1E00358FE1 /* ClassDetail.storyboard in Resources */,
				0484B3F720C4EED300D2989B /* Assets.xcassets in Resources */,
				04D7509920E01D1E00358FE1 /* Settings.storyboard in Resources */,
				04D7509720E01D1E00358FE1 /* Onboarding.storyboard in Resources */,
				04D7509820E01D1E00358FE1 /* Calculators.storyboard in Resources */,
			);
			runOnlyForDeploymentPostprocessing = 0;
		};
		0484B3FE20C4EED300D2989B /* Resources */ = {
			isa = PBXResourcesBuildPhase;
			buildActionMask = 2147483647;
			files = (
			);
			runOnlyForDeploymentPostprocessing = 0;
		};
/* End PBXResourcesBuildPhase section */

/* Begin PBXShellScriptBuildPhase section */
		631FE39299914F09EE7BD0D8 /* [CP] Check Pods Manifest.lock */ = {
			isa = PBXShellScriptBuildPhase;
			buildActionMask = 2147483647;
			files = (
			);
			inputPaths = (
				"${PODS_PODFILE_DIR_PATH}/Podfile.lock",
				"${PODS_ROOT}/Manifest.lock",
			);
			name = "[CP] Check Pods Manifest.lock";
			outputPaths = (
				"$(DERIVED_FILE_DIR)/Pods-Grade HawkTests-checkManifestLockResult.txt",
			);
			runOnlyForDeploymentPostprocessing = 0;
			shellPath = /bin/sh;
			shellScript = "diff \"${PODS_PODFILE_DIR_PATH}/Podfile.lock\" \"${PODS_ROOT}/Manifest.lock\" > /dev/null\nif [ $? != 0 ] ; then\n    # print error to STDERR\n    echo \"error: The sandbox is not in sync with the Podfile.lock. Run 'pod install' or update your CocoaPods installation.\" >&2\n    exit 1\nfi\n# This output is used by Xcode 'outputs' to avoid re-running this script phase.\necho \"SUCCESS\" > \"${SCRIPT_OUTPUT_FILE_0}\"\n";
			showEnvVarsInLog = 0;
		};
		A389D5D6F8D8EF683A43F65C /* [CP] Check Pods Manifest.lock */ = {
			isa = PBXShellScriptBuildPhase;
			buildActionMask = 2147483647;
			files = (
			);
			inputPaths = (
				"${PODS_PODFILE_DIR_PATH}/Podfile.lock",
				"${PODS_ROOT}/Manifest.lock",
			);
			name = "[CP] Check Pods Manifest.lock";
			outputPaths = (
				"$(DERIVED_FILE_DIR)/Pods-Grade Hawk-checkManifestLockResult.txt",
			);
			runOnlyForDeploymentPostprocessing = 0;
			shellPath = /bin/sh;
			shellScript = "diff \"${PODS_PODFILE_DIR_PATH}/Podfile.lock\" \"${PODS_ROOT}/Manifest.lock\" > /dev/null\nif [ $? != 0 ] ; then\n    # print error to STDERR\n    echo \"error: The sandbox is not in sync with the Podfile.lock. Run 'pod install' or update your CocoaPods installation.\" >&2\n    exit 1\nfi\n# This output is used by Xcode 'outputs' to avoid re-running this script phase.\necho \"SUCCESS\" > \"${SCRIPT_OUTPUT_FILE_0}\"\n";
			showEnvVarsInLog = 0;
		};
		F5DA9FD91E5584619892BBD8 /* [CP] Embed Pods Frameworks */ = {
			isa = PBXShellScriptBuildPhase;
			buildActionMask = 2147483647;
			files = (
			);
			inputPaths = (
				"${SRCROOT}/Pods/Target Support Files/Pods-Grade Hawk/Pods-Grade Hawk-frameworks.sh",
				"${BUILT_PRODUCTS_DIR}/LPSnackbar/LPSnackbar.framework",
				"${BUILT_PRODUCTS_DIR}/Realm/Realm.framework",
				"${BUILT_PRODUCTS_DIR}/RealmSwift/RealmSwift.framework",
				"${BUILT_PRODUCTS_DIR}/UICircularProgressRing/UICircularProgressRing.framework",
				"${BUILT_PRODUCTS_DIR}/UIEmptyState/UIEmptyState.framework",
			);
			name = "[CP] Embed Pods Frameworks";
			outputPaths = (
				"${TARGET_BUILD_DIR}/${FRAMEWORKS_FOLDER_PATH}/LPSnackbar.framework",
				"${TARGET_BUILD_DIR}/${FRAMEWORKS_FOLDER_PATH}/Realm.framework",
				"${TARGET_BUILD_DIR}/${FRAMEWORKS_FOLDER_PATH}/RealmSwift.framework",
				"${TARGET_BUILD_DIR}/${FRAMEWORKS_FOLDER_PATH}/UICircularProgressRing.framework",
				"${TARGET_BUILD_DIR}/${FRAMEWORKS_FOLDER_PATH}/UIEmptyState.framework",
			);
			runOnlyForDeploymentPostprocessing = 0;
			shellPath = /bin/sh;
			shellScript = "\"${SRCROOT}/Pods/Target Support Files/Pods-Grade Hawk/Pods-Grade Hawk-frameworks.sh\"\n";
			showEnvVarsInLog = 0;
		};
/* End PBXShellScriptBuildPhase section */

/* Begin PBXSourcesBuildPhase section */
		0484B3E820C4EED100D2989B /* Sources */ = {
			isa = PBXSourcesBuildPhase;
			buildActionMask = 2147483647;
			files = (
				04D750D920E0278500358FE1 /* UIApplicationShortcutItem+QuickActionID.swift in Sources */,
				04D750EF20E0293D00358FE1 /* UIPickerFieldDelegate.swift in Sources */,
				04D752A920E065FF00358FE1 /* ClassTableViewCell.swift in Sources */,
				04D752BB20E067D500358FE1 /* UICalculateView.swift in Sources */,
				04D750C920E026B500358FE1 /* Int+Random.swift in Sources */,
				04D752C820E06B5D00358FE1 /* UIGradePercentageView.swift in Sources */,
				04D750C720E0261900358FE1 /* UIColor+Extension.swift in Sources */,
				04D750EE20E0293D00358FE1 /* UIRubricViewDelegate.swift in Sources */,
				04D750E320E028AF00358FE1 /* StudentType.swift in Sources */,
				04D750B720E021ED00358FE1 /* ClassGradeType.swift in Sources */,
				04D750CB20E026CA00358FE1 /* UILabel+Resize.swift in Sources */,
				04D750E420E028AF00358FE1 /* AlertType.swift in Sources */,
				04D752C520E06B5D00358FE1 /* UIRubricView.swift in Sources */,
				04D750A320E0201D00358FE1 /* ApplicationTheme.swift in Sources */,
				04D750CF20E026F300358FE1 /* UIViewController+Alert.swift in Sources */,
				04D750D320E0272C00358FE1 /* UIButton+PulseAnimation.swift in Sources */,
				04D752C920E06B5D00358FE1 /* UIPickerField.swift in Sources */,
				04D750D520E0273E00358FE1 /* Double+Round.swift in Sources */,
				04D750DB20E0279B00358FE1 /* Array+Extensions.swift in Sources */,
				04D750B920E021F700358FE1 /* Class.swift in Sources */,
				04D752D520E06F5F00358FE1 /* AddEditAssignmentTableViewController.swift in Sources */,
				04D750AD20E021A900358FE1 /* Semester.swift in Sources */,
				04D750EC20E0293D00358FE1 /* AssignmentChangesListener.swift in Sources */,
				04D752C420E06B5D00358FE1 /* UIFloatingPromptTextField.swift in Sources */,
				04D750ED20E0293D00358FE1 /* UIPickerFieldDataSource.swift in Sources */,
				04D752C620E06B5D00358FE1 /* UIBlurViewController.swift in Sources */,
				04D750BF20E023A300358FE1 /* DatabaseManager.swift in Sources */,
				04D752AB20E065FF00358FE1 /* RubricTableViewCell.swift in Sources */,
				04D752CE20E06ED200358FE1 /* PreviousClassDetailViewController.swift in Sources */,
				04D752B320E0670100358FE1 /* UIBlurAlertController.swift in Sources */,
				0484B3F020C4EED100D2989B /* AppDelegate.swift in Sources */,
				04D750A120E01F7100358FE1 /* ClassesTableViewController.swift in Sources */,
				04D750AB20E0219600358FE1 /* GradeRubric.swift in Sources */,
				0488775B20D22C4400815442 /* Constants.swift in Sources */,
				04D750B520E021DB00358FE1 /* ClassType.swift in Sources */,
				04D752B620E0678D00358FE1 /* UISafeTextField.swift in Sources */,
				04D750C520E0240800358FE1 /* GPACalculation.swift in Sources */,
				04D752B720E0678D00358FE1 /* UISafeTextFieldConfigurations.swift in Sources */,
				04D750A520E020AE00358FE1 /* RealmTableView.swift in Sources */,
				04D750F020E0293D00358FE1 /* Segueable.swift in Sources */,
				04D750A920E0216A00358FE1 /* GradePercentage.swift in Sources */,
				04D752BA20E067D500358FE1 /* UICalculateViewController.swift in Sources */,
				04D750CD20E026DC00358FE1 /* String+Extension.swift in Sources */,
				04D750DD20E027B200358FE1 /* UIViewController+StatusBarFix.swift in Sources */,
				04D750BB20E0220600358FE1 /* AppInfo.swift in Sources */,
				04D752AA20E065FF00358FE1 /* AssignmentTableViewCell.swift in Sources */,
				04D750C320E023F900358FE1 /* GPARubric.swift in Sources */,
				04D752CF20E06ED200358FE1 /* AddEditClassViewController.swift in Sources */,
				04D752C720E06B5D00358FE1 /* UIGPAView.swift in Sources */,
				04D752CA20E06B5D00358FE1 /* ClassCellHeaderView.swift in Sources */,
				04D750C120E023EE00358FE1 /* GPAScale.swift in Sources */,
				04D750D720E0275A00358FE1 /* CGFloat+ToRads.swift in Sources */,
				04D752D320E06F5F00358FE1 /* ClassDetailTableViewController.swift in Sources */,
				04D750E220E028AF00358FE1 /* QuickActionId.swift in Sources */,
				04D750B320E021CB00358FE1 /* Grade.swift in Sources */,
				04D750D120E0271800358FE1 /* UIButton+Handler.swift in Sources */,
				04D750B120E021C200358FE1 /* Assignment.swift in Sources */,
				04D752B220E0670100358FE1 /* UIBlurAlertView.swift in Sources */,
				04D750BD20E0239400358FE1 /* RatingManager.swift in Sources */,
				04D750AF20E021B400358FE1 /* Rubric.swift in Sources */,
				04D752AC20E065FF00358FE1 /* GradePercentageTableViewCell.swift in Sources */,
				04D750F120E0293D00358FE1 /* ClassChangesListener.swift in Sources */,
				04D752D420E06F5F00358FE1 /* ClassPeekViewController.swift in Sources */,
				04D750E520E028AF00358FE1 /* UIRubricViewState.swift in Sources */,
			);
			runOnlyForDeploymentPostprocessing = 0;
		};
		0484B3FC20C4EED300D2989B /* Sources */ = {
			isa = PBXSourcesBuildPhase;
			buildActionMask = 2147483647;
			files = (
				0484B40520C4EED300D2989B /* Grade_HawkTests.swift in Sources */,
			);
			runOnlyForDeploymentPostprocessing = 0;
		};
/* End PBXSourcesBuildPhase section */

/* Begin PBXTargetDependency section */
		0484B40220C4EED300D2989B /* PBXTargetDependency */ = {
			isa = PBXTargetDependency;
			target = 0484B3EB20C4EED100D2989B /* Grade Hawk */;
			targetProxy = 0484B40120C4EED300D2989B /* PBXContainerItemProxy */;
		};
/* End PBXTargetDependency section */

/* Begin XCBuildConfiguration section */
		0484B40720C4EED300D2989B /* Debug */ = {
			isa = XCBuildConfiguration;
			buildSettings = {
				ALWAYS_SEARCH_USER_PATHS = NO;
				CLANG_ANALYZER_NONNULL = YES;
				CLANG_ANALYZER_NUMBER_OBJECT_CONVERSION = YES_AGGRESSIVE;
				CLANG_CXX_LANGUAGE_STANDARD = "gnu++14";
				CLANG_CXX_LIBRARY = "libc++";
				CLANG_ENABLE_MODULES = YES;
				CLANG_ENABLE_OBJC_ARC = YES;
				CLANG_ENABLE_OBJC_WEAK = YES;
				CLANG_WARN_BLOCK_CAPTURE_AUTORELEASING = YES;
				CLANG_WARN_BOOL_CONVERSION = YES;
				CLANG_WARN_COMMA = YES;
				CLANG_WARN_CONSTANT_CONVERSION = YES;
				CLANG_WARN_DEPRECATED_OBJC_IMPLEMENTATIONS = YES;
				CLANG_WARN_DIRECT_OBJC_ISA_USAGE = YES_ERROR;
				CLANG_WARN_DOCUMENTATION_COMMENTS = YES;
				CLANG_WARN_EMPTY_BODY = YES;
				CLANG_WARN_ENUM_CONVERSION = YES;
				CLANG_WARN_INFINITE_RECURSION = YES;
				CLANG_WARN_INT_CONVERSION = YES;
				CLANG_WARN_NON_LITERAL_NULL_CONVERSION = YES;
				CLANG_WARN_OBJC_IMPLICIT_RETAIN_SELF = YES;
				CLANG_WARN_OBJC_LITERAL_CONVERSION = YES;
				CLANG_WARN_OBJC_ROOT_CLASS = YES_ERROR;
				CLANG_WARN_RANGE_LOOP_ANALYSIS = YES;
				CLANG_WARN_STRICT_PROTOTYPES = YES;
				CLANG_WARN_SUSPICIOUS_MOVE = YES;
				CLANG_WARN_UNGUARDED_AVAILABILITY = YES_AGGRESSIVE;
				CLANG_WARN_UNREACHABLE_CODE = YES;
				CLANG_WARN__DUPLICATE_METHOD_MATCH = YES;
				CODE_SIGN_IDENTITY = "iPhone Developer";
				COPY_PHASE_STRIP = NO;
				DEBUG_INFORMATION_FORMAT = dwarf;
				ENABLE_STRICT_OBJC_MSGSEND = YES;
				ENABLE_TESTABILITY = YES;
				GCC_C_LANGUAGE_STANDARD = gnu11;
				GCC_DYNAMIC_NO_PIC = NO;
				GCC_NO_COMMON_BLOCKS = YES;
				GCC_OPTIMIZATION_LEVEL = 0;
				GCC_PREPROCESSOR_DEFINITIONS = (
					"DEBUG=1",
					"$(inherited)",
				);
				GCC_WARN_64_TO_32_BIT_CONVERSION = YES;
				GCC_WARN_ABOUT_RETURN_TYPE = YES_ERROR;
				GCC_WARN_UNDECLARED_SELECTOR = YES;
				GCC_WARN_UNINITIALIZED_AUTOS = YES_AGGRESSIVE;
				GCC_WARN_UNUSED_FUNCTION = YES;
				GCC_WARN_UNUSED_VARIABLE = YES;
				IPHONEOS_DEPLOYMENT_TARGET = 11.3;
				MTL_ENABLE_DEBUG_INFO = YES;
				ONLY_ACTIVE_ARCH = YES;
				SDKROOT = iphoneos;
				SWIFT_ACTIVE_COMPILATION_CONDITIONS = DEBUG;
				SWIFT_OPTIMIZATION_LEVEL = "-Onone";
			};
			name = Debug;
		};
		0484B40820C4EED300D2989B /* Release */ = {
			isa = XCBuildConfiguration;
			buildSettings = {
				ALWAYS_SEARCH_USER_PATHS = NO;
				CLANG_ANALYZER_NONNULL = YES;
				CLANG_ANALYZER_NUMBER_OBJECT_CONVERSION = YES_AGGRESSIVE;
				CLANG_CXX_LANGUAGE_STANDARD = "gnu++14";
				CLANG_CXX_LIBRARY = "libc++";
				CLANG_ENABLE_MODULES = YES;
				CLANG_ENABLE_OBJC_ARC = YES;
				CLANG_ENABLE_OBJC_WEAK = YES;
				CLANG_WARN_BLOCK_CAPTURE_AUTORELEASING = YES;
				CLANG_WARN_BOOL_CONVERSION = YES;
				CLANG_WARN_COMMA = YES;
				CLANG_WARN_CONSTANT_CONVERSION = YES;
				CLANG_WARN_DEPRECATED_OBJC_IMPLEMENTATIONS = YES;
				CLANG_WARN_DIRECT_OBJC_ISA_USAGE = YES_ERROR;
				CLANG_WARN_DOCUMENTATION_COMMENTS = YES;
				CLANG_WARN_EMPTY_BODY = YES;
				CLANG_WARN_ENUM_CONVERSION = YES;
				CLANG_WARN_INFINITE_RECURSION = YES;
				CLANG_WARN_INT_CONVERSION = YES;
				CLANG_WARN_NON_LITERAL_NULL_CONVERSION = YES;
				CLANG_WARN_OBJC_IMPLICIT_RETAIN_SELF = YES;
				CLANG_WARN_OBJC_LITERAL_CONVERSION = YES;
				CLANG_WARN_OBJC_ROOT_CLASS = YES_ERROR;
				CLANG_WARN_RANGE_LOOP_ANALYSIS = YES;
				CLANG_WARN_STRICT_PROTOTYPES = YES;
				CLANG_WARN_SUSPICIOUS_MOVE = YES;
				CLANG_WARN_UNGUARDED_AVAILABILITY = YES_AGGRESSIVE;
				CLANG_WARN_UNREACHABLE_CODE = YES;
				CLANG_WARN__DUPLICATE_METHOD_MATCH = YES;
				CODE_SIGN_IDENTITY = "iPhone Developer";
				COPY_PHASE_STRIP = NO;
				DEBUG_INFORMATION_FORMAT = "dwarf-with-dsym";
				ENABLE_NS_ASSERTIONS = NO;
				ENABLE_STRICT_OBJC_MSGSEND = YES;
				GCC_C_LANGUAGE_STANDARD = gnu11;
				GCC_NO_COMMON_BLOCKS = YES;
				GCC_WARN_64_TO_32_BIT_CONVERSION = YES;
				GCC_WARN_ABOUT_RETURN_TYPE = YES_ERROR;
				GCC_WARN_UNDECLARED_SELECTOR = YES;
				GCC_WARN_UNINITIALIZED_AUTOS = YES_AGGRESSIVE;
				GCC_WARN_UNUSED_FUNCTION = YES;
				GCC_WARN_UNUSED_VARIABLE = YES;
				IPHONEOS_DEPLOYMENT_TARGET = 11.3;
				MTL_ENABLE_DEBUG_INFO = NO;
				SDKROOT = iphoneos;
				SWIFT_COMPILATION_MODE = wholemodule;
				SWIFT_OPTIMIZATION_LEVEL = "-O";
				VALIDATE_PRODUCT = YES;
			};
			name = Release;
		};
		0484B40A20C4EED300D2989B /* Debug */ = {
			isa = XCBuildConfiguration;
			baseConfigurationReference = 45BF3671DAC2327056C455ED /* Pods-Grade Hawk.debug.xcconfig */;
			buildSettings = {
				ASSETCATALOG_COMPILER_APPICON_NAME = AppIcon;
				CODE_SIGN_STYLE = Automatic;
				DEVELOPMENT_TEAM = DUKPL73RD7;
				FRAMEWORK_SEARCH_PATHS = (
					"$(inherited)",
					"$(PROJECT_DIR)",
				);
				INFOPLIST_FILE = "Grade Hawk/Info.plist";
				LD_RUNPATH_SEARCH_PATHS = (
					"$(inherited)",
					"@executable_path/Frameworks",
				);
				PRODUCT_BUNDLE_IDENTIFIER = "MGApps.Grade-Hawk";
				PRODUCT_NAME = "$(TARGET_NAME)";
				SWIFT_VERSION = 4.0;
				TARGETED_DEVICE_FAMILY = "1,2";
			};
			name = Debug;
		};
		0484B40B20C4EED300D2989B /* Release */ = {
			isa = XCBuildConfiguration;
			baseConfigurationReference = C7CA9D92A6423B59E2EEE755 /* Pods-Grade Hawk.release.xcconfig */;
			buildSettings = {
				ASSETCATALOG_COMPILER_APPICON_NAME = AppIcon;
				CODE_SIGN_STYLE = Automatic;
				DEVELOPMENT_TEAM = DUKPL73RD7;
				FRAMEWORK_SEARCH_PATHS = (
					"$(inherited)",
					"$(PROJECT_DIR)",
				);
				INFOPLIST_FILE = "Grade Hawk/Info.plist";
				LD_RUNPATH_SEARCH_PATHS = (
					"$(inherited)",
					"@executable_path/Frameworks",
				);
				PRODUCT_BUNDLE_IDENTIFIER = "MGApps.Grade-Hawk";
				PRODUCT_NAME = "$(TARGET_NAME)";
				SWIFT_VERSION = 4.0;
				TARGETED_DEVICE_FAMILY = "1,2";
			};
			name = Release;
		};
		0484B40D20C4EED300D2989B /* Debug */ = {
			isa = XCBuildConfiguration;
			baseConfigurationReference = B32FA68F7DC469BC13CD2FBC /* Pods-Grade HawkTests.debug.xcconfig */;
			buildSettings = {
				ALWAYS_EMBED_SWIFT_STANDARD_LIBRARIES = YES;
				BUNDLE_LOADER = "$(TEST_HOST)";
				CODE_SIGN_STYLE = Automatic;
				DEVELOPMENT_TEAM = DUKPL73RD7;
				INFOPLIST_FILE = "Grade HawkTests/Info.plist";
				LD_RUNPATH_SEARCH_PATHS = (
					"$(inherited)",
					"@executable_path/Frameworks",
					"@loader_path/Frameworks",
				);
				PRODUCT_BUNDLE_IDENTIFIER = "MGApps.Grade-HawkTests";
				PRODUCT_NAME = "$(TARGET_NAME)";
				SWIFT_VERSION = 4.0;
				TARGETED_DEVICE_FAMILY = "1,2";
				TEST_HOST = "$(BUILT_PRODUCTS_DIR)/Grade Hawk.app/Grade Hawk";
			};
			name = Debug;
		};
		0484B40E20C4EED300D2989B /* Release */ = {
			isa = XCBuildConfiguration;
			baseConfigurationReference = 475A95D7D956FB82F9707993 /* Pods-Grade HawkTests.release.xcconfig */;
			buildSettings = {
				ALWAYS_EMBED_SWIFT_STANDARD_LIBRARIES = YES;
				BUNDLE_LOADER = "$(TEST_HOST)";
				CODE_SIGN_STYLE = Automatic;
				DEVELOPMENT_TEAM = DUKPL73RD7;
				INFOPLIST_FILE = "Grade HawkTests/Info.plist";
				LD_RUNPATH_SEARCH_PATHS = (
					"$(inherited)",
					"@executable_path/Frameworks",
					"@loader_path/Frameworks",
				);
				PRODUCT_BUNDLE_IDENTIFIER = "MGApps.Grade-HawkTests";
				PRODUCT_NAME = "$(TARGET_NAME)";
				SWIFT_VERSION = 4.0;
				TARGETED_DEVICE_FAMILY = "1,2";
				TEST_HOST = "$(BUILT_PRODUCTS_DIR)/Grade Hawk.app/Grade Hawk";
			};
			name = Release;
		};
/* End XCBuildConfiguration section */

/* Begin XCConfigurationList section */
		0484B3E720C4EED100D2989B /* Build configuration list for PBXProject "Grade Hawk" */ = {
			isa = XCConfigurationList;
			buildConfigurations = (
				0484B40720C4EED300D2989B /* Debug */,
				0484B40820C4EED300D2989B /* Release */,
			);
			defaultConfigurationIsVisible = 0;
			defaultConfigurationName = Release;
		};
		0484B40920C4EED300D2989B /* Build configuration list for PBXNativeTarget "Grade Hawk" */ = {
			isa = XCConfigurationList;
			buildConfigurations = (
				0484B40A20C4EED300D2989B /* Debug */,
				0484B40B20C4EED300D2989B /* Release */,
			);
			defaultConfigurationIsVisible = 0;
			defaultConfigurationName = Release;
		};
		0484B40C20C4EED300D2989B /* Build configuration list for PBXNativeTarget "Grade HawkTests" */ = {
			isa = XCConfigurationList;
			buildConfigurations = (
				0484B40D20C4EED300D2989B /* Debug */,
				0484B40E20C4EED300D2989B /* Release */,
			);
			defaultConfigurationIsVisible = 0;
			defaultConfigurationName = Release;
		};
/* End XCConfigurationList section */
	};
	rootObject = 0484B3E420C4EED100D2989B /* Project object */;
}
